
Microsoft Visual Studio Solution File, Format Version 12.00
# Visual Studio Version 16
VisualStudioVersion = 16.0.29201.188
MinimumVisualStudioVersion = 10.0.40219.1
Project("{FAE04EC0-301F-11D3-BF4B-00C04F79EFBC}") = "Project-CSharp", "Project-CSharp\Project-CSharp.csproj", "{F7DB559E-8CF7-4E34-9DE4-DCEAD0F86745}"
EndProject
Global
	GlobalSection(SolutionConfigurationPlatforms) = preSolution
		Debug|Any CPU = Debug|Any CPU
		Release|Any CPU = Release|Any CPU
	EndGlobalSection
	GlobalSection(ProjectConfigurationPlatforms) = postSolution
		{F7DB559E-8CF7-4E34-9DE4-DCEAD0F86745}.Debug|Any CPU.ActiveCfg = Debug|Any CPU
		{F7DB559E-8CF7-4E34-9DE4-DCEAD0F86745}.Debug|Any CPU.Build.0 = Debug|Any CPU
		{F7DB559E-8CF7-4E34-9DE4-DCEAD0F86745}.Release|Any CPU.ActiveCfg = Release|Any CPU
		{F7DB559E-8CF7-4E34-9DE4-DCEAD0F86745}.Release|Any CPU.Build.0 = Release|Any CPU
	EndGlobalSection
	GlobalSection(SolutionProperties) = preSolution
		HideSolutionNode = FALSE
	EndGlobalSection
	GlobalSection(ExtensibilityGlobals) = postSolution
		SolutionGuid = {EDF024FE-71CE-47EF-B3DE-90B29771C786}
	EndGlobalSection
EndGlobal
